
Microsoft Visual Studio Solution File, Format Version 12.00
# Visual Studio Version 17
VisualStudioVersion = 17.3.32929.385
MinimumVisualStudioVersion = 10.0.40219.1
Project("{FAE04EC0-301F-11D3-BF4B-00C04F79EFBC}") = "Up_Down", "Up_Down\Up_Down.csproj", "{2491DF21-04F6-4407-997F-339CD05F5F66}"
EndProject
Global
	GlobalSection(SolutionConfigurationPlatforms) = preSolution
		Debug|Any CPU = Debug|Any CPU
		Release|Any CPU = Release|Any CPU
	EndGlobalSection
	GlobalSection(ProjectConfigurationPlatforms) = postSolution
		{2491DF21-04F6-4407-997F-339CD05F5F66}.Debug|Any CPU.ActiveCfg = Debug|Any CPU
		{2491DF21-04F6-4407-997F-339CD05F5F66}.Debug|Any CPU.Build.0 = Debug|Any CPU
		{2491DF21-04F6-4407-997F-339CD05F5F66}.Release|Any CPU.ActiveCfg = Release|Any CPU
		{2491DF21-04F6-4407-997F-339CD05F5F66}.Release|Any CPU.Build.0 = Release|Any CPU
	EndGlobalSection
	GlobalSection(SolutionProperties) = preSolution
		HideSolutionNode = FALSE
	EndGlobalSection
	GlobalSection(ExtensibilityGlobals) = postSolution
		SolutionGuid = {791B9815-03C4-4BA8-9047-8D3A659F5E4D}
	EndGlobalSection
EndGlobal
